Microsoft Visual Studio Solution File, Format Version 12.00
# Visual Studio 15
VisualStudioVersion = 15.0.28307.106
MinimumVisualStudioVersion = 10.0.40219.1
Project("{9A19103F-16F7-4668-BE54-9A1E7A4F7556}") = "LibLab", "LibLab.csproj", "{B94B2901-2DF8-7682-438C-EE7A5A9C3483}"
EndProject
Global
    GlobalSection(SolutionConfigurationPlatforms) = preSolution
        Debug|Any CPU = Debug|Any CPU
        Release|Any CPU = Release|Any CPU
    EndGlobalSection
    GlobalSection(ProjectConfigurationPlatforms) = postSolution
        {B94B2901-2DF8-7682-438C-EE7A5A9C3483}.Debug|Any CPU.ActiveCfg = Debug|Any CPU
        {B94B2901-2DF8-7682-438C-EE7A5A9C3483}.Debug|Any CPU.Build.0 = Debug|Any CPU
        {B94B2901-2DF8-7682-438C-EE7A5A9C3483}.Release|Any CPU.ActiveCfg = Release|Any CPU
        {B94B2901-2DF8-7682-438C-EE7A5A9C3483}.Release|Any CPU.Build.0 = Release|Any CPU
    EndGlobalSection
    GlobalSection(SolutionProperties) = preSolution
        HideSolutionNode = FALSE
    EndGlobalSection
EndGlobal
